
Microsoft Visual Studio Solution File, Format Version 12.00
# Visual Studio Version 16
VisualStudioVersion = 16.0.30907.101
MinimumVisualStudioVersion = 10.0.40219.1
Project("{9A19103F-16F7-4668-BE54-9A1E7A4F7556}") = "ClassMethotDemo", "ClassMethotDemo\ClassMethotDemo.csproj", "{56BAB273-90AC-49F5-BE63-B57863DF8665}"
EndProject
Project("{FAE04EC0-301F-11D3-BF4B-00C04F79EFBC}") = "Deneme", "Deneme\Deneme.csproj", "{187C513F-BD8B-4EBC-8AE4-CE6C7DB23053}"
EndProject
Global
	GlobalSection(SolutionConfigurationPlatforms) = preSolution
		Debug|Any CPU = Debug|Any CPU
		Release|Any CPU = Release|Any CPU
	EndGlobalSection
	GlobalSection(ProjectConfigurationPlatforms) = postSolution
		{56BAB273-90AC-49F5-BE63-B57863DF8665}.Debug|Any CPU.ActiveCfg = Debug|Any CPU
		{56BAB273-90AC-49F5-BE63-B57863DF8665}.Debug|Any CPU.Build.0 = Debug|Any CPU
		{56BAB273-90AC-49F5-BE63-B57863DF8665}.Release|Any CPU.ActiveCfg = Release|Any CPU
		{56BAB273-90AC-49F5-BE63-B57863DF8665}.Release|Any CPU.Build.0 = Release|Any CPU
		{187C513F-BD8B-4EBC-8AE4-CE6C7DB23053}.Debug|Any CPU.ActiveCfg = Debug|Any CPU
		{187C513F-BD8B-4EBC-8AE4-CE6C7DB23053}.Debug|Any CPU.Build.0 = Debug|Any CPU
		{187C513F-BD8B-4EBC-8AE4-CE6C7DB23053}.Release|Any CPU.ActiveCfg = Release|Any CPU
		{187C513F-BD8B-4EBC-8AE4-CE6C7DB23053}.Release|Any CPU.Build.0 = Release|Any CPU
	EndGlobalSection
	GlobalSection(SolutionProperties) = preSolution
		HideSolutionNode = FALSE
	EndGlobalSection
	GlobalSection(ExtensibilityGlobals) = postSolution
		SolutionGuid = {507632DB-1F25-424F-9055-706FF04E83AB}
	EndGlobalSection
EndGlobal
